// !$*UTF8*$!
{
	archiveVersion = 1;
	classes = {
	};
	objectVersion = 50;
	objects = {

/* Begin PBXBuildFile section */
		6240316E251A665F002BAB32 /* AppDelegate.swift in Sources */ = {isa = PBXBuildFile; fileRef = 6240316D251A665F002BAB32 /* AppDelegate.swift */; };
		62403170251A665F002BAB32 /* SceneDelegate.swift in Sources */ = {isa = PBXBuildFile; fileRef = 6240316F251A665F002BAB32 /* SceneDelegate.swift */; };
		62403172251A665F002BAB32 /* ContentView.swift in Sources */ = {isa = PBXBuildFile; fileRef = 62403171251A665F002BAB32 /* ContentView.swift */; };
		62403174251A6660002BAB32 /* Assets.xcassets in Resources */ = {isa = PBXBuildFile; fileRef = 62403173251A6660002BAB32 /* Assets.xcassets */; };
		62403177251A6660002BAB32 /* Preview Assets.xcassets in Resources */ = {isa = PBXBuildFile; fileRef = 62403176251A6660002BAB32 /* Preview Assets.xcassets */; };
		6240317A251A6660002BAB32 /* LaunchScreen.storyboard in Resources */ = {isa = PBXBuildFile; fileRef = 62403178251A6660002BAB32 /* LaunchScreen.storyboard */; };
		62403183251A6696002BAB32 /* Badge.swift in Sources */ = {isa = PBXBuildFile; fileRef = 62403182251A6696002BAB32 /* Badge.swift */; };
		62403186251A66E0002BAB32 /* HexagonParameters.swift in Sources */ = {isa = PBXBuildFile; fileRef = 62403185251A66E0002BAB32 /* HexagonParameters.swift */; };
		6240318A251A74B4002BAB32 /* BadgeBackground.swift in Sources */ = {isa = PBXBuildFile; fileRef = 62403189251A74B4002BAB32 /* BadgeBackground.swift */; };
		6240318D251A7560002BAB32 /* BadgeSymbol.swift in Sources */ = {isa = PBXBuildFile; fileRef = 6240318C251A7560002BAB32 /* BadgeSymbol.swift */; };
		62403190251A7C57002BAB32 /* RotatedBadgeSymbol.swift in Sources */ = {isa = PBXBuildFile; fileRef = 6240318F251A7C57002BAB32 /* RotatedBadgeSymbol.swift */; };
/* End PBXBuildFile section */

/* Begin PBXFileReference section */
		6240316A251A665F002BAB32 /* DrawingPathsAndShapes.app */ = {isa = PBXFileReference; explicitFileType = wrapper.application; includeInIndex = 0; path = DrawingPathsAndShapes.app; sourceTree = BUILT_PRODUCTS_DIR; };
		6240316D251A665F002BAB32 /* AppDelegate.swift */ = {isa = PBXFileReference; lastKnownFileType = sourcecode.swift; path = AppDelegate.swift; sourceTree = "<group>"; };
		6240316F251A665F002BAB32 /* SceneDelegate.swift */ = {isa = PBXFileReference; lastKnownFileType = sourcecode.swift; path = SceneDelegate.swift; sourceTree = "<group>"; };
		62403171251A665F002BAB32 /* ContentView.swift */ = {isa = PBXFileReference; lastKnownFileType = sourcecode.swift; path = ContentView.swift; sourceTree = "<group>"; };
		62403173251A6660002BAB32 /* Assets.xcassets */ = {isa = PBXFileReference; lastKnownFileType = folder.assetcatalog; path = Assets.xcassets; sourceTree = "<group>"; };
		62403176251A6660002BAB32 /* Preview Assets.xcassets */ = {isa = PBXFileReference; lastKnownFileType = folder.assetcatalog; path = "Preview Assets.xcassets"; sourceTree = "<group>"; };
		62403179251A6660002BAB32 /* Base */ = {isa = PBXFileReference; lastKnownFileType = file.storyboard; name = Base; path = Base.lproj/LaunchScreen.storyboard; sourceTree = "<group>"; };
		6240317B251A6660002BAB32 /* Info.plist */ = {isa = PBXFileReference; lastKnownFileType = text.plist.xml; path = Info.plist; sourceTree = "<group>"; };
		62403182251A6696002BAB32 /* Badge.swift */ = {isa = PBXFileReference; lastKnownFileType = sourcecode.swift; path = Badge.swift; sourceTree = "<group>"; };
		62403185251A66E0002BAB32 /* HexagonParameters.swift */ = {isa = PBXFileReference; lastKnownFileType = sourcecode.swift; path = HexagonParameters.swift; sourceTree = "<group>"; };
		62403189251A74B4002BAB32 /* BadgeBackground.swift */ = {isa = PBXFileReference; lastKnownFileType = sourcecode.swift; path = BadgeBackground.swift; sourceTree = "<group>"; };
		6240318C251A7560002BAB32 /* BadgeSymbol.swift */ = {isa = PBXFileReference; lastKnownFileType = sourcecode.swift; path = BadgeSymbol.swift; sourceTree = "<group>"; };
		6240318F251A7C57002BAB32 /* RotatedBadgeSymbol.swift */ = {isa = PBXFileReference; lastKnownFileType = sourcecode.swift; path = RotatedBadgeSymbol.swift; sourceTree = "<group>"; };
/* End PBXFileReference section */

/* Begin PBXFrameworksBuildPhase section */
		62403167251A665F002BAB32 /* Frameworks */ = {
			isa = PBXFrameworksBuildPhase;
			buildActionMask = 2147483647;
			files = (
			);
			runOnlyForDeploymentPostprocessing = 0;
		};
/* End PBXFrameworksBuildPhase section */

/* Begin PBXGroup section */
		62403161251A665F002BAB32 = {
			isa = PBXGroup;
			children = (
				6240316C251A665F002BAB32 /* DrawingPathsAndShapes */,
				6240316B251A665F002BAB32 /* Products */,
			);
			sourceTree = "<group>";
		};
		6240316B251A665F002BAB32 /* Products */ = {
			isa = PBXGroup;
			children = (
				6240316A251A665F002BAB32 /* DrawingPathsAndShapes.app */,
			);
			name = Products;
			sourceTree = "<group>";
		};
		6240316C251A665F002BAB32 /* DrawingPathsAndShapes */ = {
			isa = PBXGroup;
			children = (
				6240316D251A665F002BAB32 /* AppDelegate.swift */,
				6240316F251A665F002BAB32 /* SceneDelegate.swift */,
				62403171251A665F002BAB32 /* ContentView.swift */,
				62403185251A66E0002BAB32 /* HexagonParameters.swift */,
				62403182251A6696002BAB32 /* Badge.swift */,
				6240318C251A7560002BAB32 /* BadgeSymbol.swift */,
				6240318F251A7C57002BAB32 /* RotatedBadgeSymbol.swift */,
				62403189251A74B4002BAB32 /* BadgeBackground.swift */,
				62403173251A6660002BAB32 /* Assets.xcassets */,
				62403178251A6660002BAB32 /* LaunchScreen.storyboard */,
				6240317B251A6660002BAB32 /* Info.plist */,
				62403175251A6660002BAB32 /* Preview Content */,
			);
			path = DrawingPathsAndShapes;
			sourceTree = "<group>";
		};
		62403175251A6660002BAB32 /* Preview Content */ = {
			isa = PBXGroup;
			children = (
				62403176251A6660002BAB32 /* Preview Assets.xcassets */,
			);
			path = "Preview Content";
			sourceTree = "<group>";
		};
/* End PBXGroup section */

/* Begin PBXNativeTarget section */
		62403169251A665F002BAB32 /* DrawingPathsAndShapes */ = {
			isa = PBXNativeTarget;
			buildConfigurationList = 6240317E251A6660002BAB32 /* Build configuration list for PBXNativeTarget "DrawingPathsAndShapes" */;
			buildPhases = (
				62403166251A665F002BAB32 /* Sources */,
				62403167251A665F002BAB32 /* Frameworks */,
				62403168251A665F002BAB32 /* Resources */,
			);
			buildRules = (
			);
			dependencies = (
			);
			name = DrawingPathsAndShapes;
			productName = DrawingPathsAndShapes;
			productReference = 6240316A251A665F002BAB32 /* DrawingPathsAndShapes.app */;
			productType = "com.apple.product-type.application";
		};
/* End PBXNativeTarget section */

/* Begin PBXProject section */
		62403162251A665F002BAB32 /* Project object */ = {
			isa = PBXProject;
			attributes = {
				LastSwiftUpdateCheck = 1200;
				LastUpgradeCheck = 1200;
				TargetAttributes = {
					62403169251A665F002BAB32 = {
						CreatedOnToolsVersion = 12.0;
					};
				};
			};
			buildConfigurationList = 62403165251A665F002BAB32 /* Build configuration list for PBXProject "DrawingPathsAndShapes" */;
			compatibilityVersion = "Xcode 9.3";
			developmentRegion = en;
			hasScannedForEncodings = 0;
			knownRegions = (
				en,
				Base,
			);
			mainGroup = 62403161251A665F002BAB32;
			productRefGroup = 6240316B251A665F002BAB32 /* Products */;
			projectDirPath = "";
			projectRoot = "";
			targets = (
				62403169251A665F002BAB32 /* DrawingPathsAndShapes */,
			);
		};
/* End PBXProject section */

/* Begin PBXResourcesBuildPhase section */
		62403168251A665F002BAB32 /* Resources */ = {
			isa = PBXResourcesBuildPhase;
			buildActionMask = 2147483647;
			files = (
				6240317A251A6660002BAB32 /* LaunchScreen.storyboard in Resources */,
				62403177251A6660002BAB32 /* Preview Assets.xcassets in Resources */,
				62403174251A6660002BAB32 /* Assets.xcassets in Resources */,
			);
			runOnlyForDeploymentPostprocessing = 0;
		};
/* End PBXResourcesBuildPhase section */

/* Begin PBXSourcesBuildPhase section */
		62403166251A665F002BAB32 /* Sources */ = {
			isa = PBXSourcesBuildPhase;
			buildActionMask = 2147483647;
			files = (
				6240318D251A7560002BAB32 /* BadgeSymbol.swift in Sources */,
				62403186251A66E0002BAB32 /* HexagonParameters.swift in Sources */,
				6240318A251A74B4002BAB32 /* BadgeBackground.swift in Sources */,
				6240316E251A665F002BAB32 /* AppDelegate.swift in Sources */,
				62403183251A6696002BAB32 /* Badge.swift in Sources */,
				62403170251A665F002BAB32 /* SceneDelegate.swift in Sources */,
				62403172251A665F002BAB32 /* ContentView.swift in Sources */,
				62403190251A7C57002BAB32 /* RotatedBadgeSymbol.swift in Sources */,
			);
			runOnlyForDeploymentPostprocessing = 0;
		};
/* End PBXSourcesBuildPhase section */

/* Begin PBXVariantGroup section */
		62403178251A6660002BAB32 /* LaunchScreen.storyboard */ = {
			isa = PBXVariantGroup;
			children = (
				62403179251A6660002BAB32 /* Base */,
			);
			name = LaunchScreen.storyboard;
			sourceTree = "<group>";
		};
/* End PBXVariantGroup section */

/* Begin XCBuildConfiguration section */
		6240317C251A6660002BAB32 /* Debug */ = {
			isa = XCBuildConfiguration;
			buildSettings = {
				ALWAYS_SEARCH_USER_PATHS = NO;
				CLANG_ANALYZER_NONNULL = YES;
				CLANG_ANALYZER_NUMBER_OBJECT_CONVERSION = YES_AGGRESSIVE;
				CLANG_CXX_LANGUAGE_STANDARD = "gnu++14";
				CLANG_CXX_LIBRARY = "libc++";
				CLANG_ENABLE_MODULES = YES;
				CLANG_ENABLE_OBJC_ARC = YES;
				CLANG_ENABLE_OBJC_WEAK = YES;
				CLANG_WARN_BLOCK_CAPTURE_AUTORELEASING = YES;
				CLANG_WARN_BOOL_CONVERSION = YES;
				CLANG_WARN_COMMA = YES;
				CLANG_WARN_CONSTANT_CONVERSION = YES;
				CLANG_WARN_DEPRECATED_OBJC_IMPLEMENTATIONS = YES;
				CLANG_WARN_DIRECT_OBJC_ISA_USAGE = YES_ERROR;
				CLANG_WARN_DOCUMENTATION_COMMENTS = YES;
				CLANG_WARN_EMPTY_BODY = YES;
				CLANG_WARN_ENUM_CONVERSION = YES;
				CLANG_WARN_INFINITE_RECURSION = YES;
				CLANG_WARN_INT_CONVERSION = YES;
				CLANG_WARN_NON_LITERAL_NULL_CONVERSION = YES;
				CLANG_WARN_OBJC_IMPLICIT_RETAIN_SELF = YES;
				CLANG_WARN_OBJC_LITERAL_CONVERSION = YES;
				CLANG_WARN_OBJC_ROOT_CLASS = YES_ERROR;
				CLANG_WARN_QUOTED_INCLUDE_IN_FRAMEWORK_HEADER = YES;
				CLANG_WARN_RANGE_LOOP_ANALYSIS = YES;
				CLANG_WARN_STRICT_PROTOTYPES = YES;
				CLANG_WARN_SUSPICIOUS_MOVE = YES;
				CLANG_WARN_UNGUARDED_AVAILABILITY = YES_AGGRESSIVE;
				CLANG_WARN_UNREACHABLE_CODE = YES;
				CLANG_WARN__DUPLICATE_METHOD_MATCH = YES;
				COPY_PHASE_STRIP = NO;
				DEBUG_INFORMATION_FORMAT = dwarf;
				ENABLE_STRICT_OBJC_MSGSEND = YES;
				ENABLE_TESTABILITY = YES;
				GCC_C_LANGUAGE_STANDARD = gnu11;
				GCC_DYNAMIC_NO_PIC = NO;
				GCC_NO_COMMON_BLOCKS = YES;
				GCC_OPTIMIZATION_LEVEL = 0;
				GCC_PREPROCESSOR_DEFINITIONS = (
					"DEBUG=1",
					"$(inherited)",
				);
				GCC_WARN_64_TO_32_BIT_CONVERSION = YES;
				GCC_WARN_ABOUT_RETURN_TYPE = YES_ERROR;
				GCC_WARN_UNDECLARED_SELECTOR = YES;
				GCC_WARN_UNINITIALIZED_AUTOS = YES_AGGRESSIVE;
				GCC_WARN_UNUSED_FUNCTION = YES;
				GCC_WARN_UNUSED_VARIABLE = YES;
				IPHONEOS_DEPLOYMENT_TARGET = 14.0;
				MTL_ENABLE_DEBUG_INFO = INCLUDE_SOURCE;
				MTL_FAST_MATH = YES;
				ONLY_ACTIVE_ARCH = YES;
				SDKROOT = iphoneos;
				SWIFT_ACTIVE_COMPILATION_CONDITIONS = DEBUG;
				SWIFT_OPTIMIZATION_LEVEL = "-Onone";
			};
			name = Debug;
		};
		6240317D251A6660002BAB32 /* Release */ = {
			isa = XCBuildConfiguration;
			buildSettings = {
				ALWAYS_SEARCH_USER_PATHS = NO;
				CLANG_ANALYZER_NONNULL = YES;
				CLANG_ANALYZER_NUMBER_OBJECT_CONVERSION = YES_AGGRESSIVE;
				CLANG_CXX_LANGUAGE_STANDARD = "gnu++14";
				CLANG_CXX_LIBRARY = "libc++";
				CLANG_ENABLE_MODULES = YES;
				CLANG_ENABLE_OBJC_ARC = YES;
				CLANG_ENABLE_OBJC_WEAK = YES;
				CLANG_WARN_BLOCK_CAPTURE_AUTORELEASING = YES;
				CLANG_WARN_BOOL_CONVERSION = YES;
				CLANG_WARN_COMMA = YES;
				CLANG_WARN_CONSTANT_CONVERSION = YES;
				CLANG_WARN_DEPRECATED_OBJC_IMPLEMENTATIONS = YES;
				CLANG_WARN_DIRECT_OBJC_ISA_USAGE = YES_ERROR;
				CLANG_WARN_DOCUMENTATION_COMMENTS = YES;
				CLANG_WARN_EMPTY_BODY = YES;
				CLANG_WARN_ENUM_CONVERSION = YES;
				CLANG_WARN_INFINITE_RECURSION = YES;
				CLANG_WARN_INT_CONVERSION = YES;
				CLANG_WARN_NON_LITERAL_NULL_CONVERSION = YES;
				CLANG_WARN_OBJC_IMPLICIT_RETAIN_SELF = YES;
				CLANG_WARN_OBJC_LITERAL_CONVERSION = YES;
				CLANG_WARN_OBJC_ROOT_CLASS = YES_ERROR;
				CLANG_WARN_QUOTED_INCLUDE_IN_FRAMEWORK_HEADER = YES;
				CLANG_WARN_RANGE_LOOP_ANALYSIS = YES;
				CLANG_WARN_STRICT_PROTOTYPES = YES;
				CLANG_WARN_SUSPICIOUS_MOVE = YES;
				CLANG_WARN_UNGUARDED_AVAILABILITY = YES_AGGRESSIVE;
				CLANG_WARN_UNREACHABLE_CODE = YES;
				CLANG_WARN__DUPLICATE_METHOD_MATCH = YES;
				COPY_PHASE_STRIP = NO;
				DEBUG_INFORMATION_FORMAT = "dwarf-with-dsym";
				ENABLE_NS_ASSERTIONS = NO;
				ENABLE_STRICT_OBJC_MSGSEND = YES;
				GCC_C_LANGUAGE_STANDARD = gnu11;
				GCC_NO_COMMON_BLOCKS = YES;
				GCC_WARN_64_TO_32_BIT_CONVERSION = YES;
				GCC_WARN_ABOUT_RETURN_TYPE = YES_ERROR;
				GCC_WARN_UNDECLARED_SELECTOR = YES;
				GCC_WARN_UNINITIALIZED_AUTOS = YES_AGGRESSIVE;
				GCC_WARN_UNUSED_FUNCTION = YES;
				GCC_WARN_UNUSED_VARIABLE = YES;
				IPHONEOS_DEPLOYMENT_TARGET = 14.0;
				MTL_ENABLE_DEBUG_INFO = NO;
				MTL_FAST_MATH = YES;
				SDKROOT = iphoneos;
				SWIFT_COMPILATION_MODE = wholemodule;
				SWIFT_OPTIMIZATION_LEVEL = "-O";
				VALIDATE_PRODUCT = YES;
			};
			name = Release;
		};
		6240317F251A6660002BAB32 /* Debug */ = {
			isa = XCBuildConfiguration;
			buildSettings = {
				ASSETCATALOG_COMPILER_APPICON_NAME = AppIcon;
				ASSETCATALOG_COMPILER_GLOBAL_ACCENT_COLOR_NAME = AccentColor;
				CODE_SIGN_STYLE = Automatic;
				DEVELOPMENT_ASSET_PATHS = "\"DrawingPathsAndShapes/Preview Content\"";
				ENABLE_PREVIEWS = YES;
				INFOPLIST_FILE = DrawingPathsAndShapes/Info.plist;
				LD_RUNPATH_SEARCH_PATHS = (
					"$(inherited)",
					"@executable_path/Frameworks",
				);
				PRODUCT_BUNDLE_IDENTIFIER = kelsey.DrawingPathsAndShapes;
				PRODUCT_NAME = "$(TARGET_NAME)";
				SWIFT_VERSION = 5.0;
				TARGETED_DEVICE_FAMILY = "1,2";
			};
			name = Debug;
		};
		62403180251A6660002BAB32 /* Release */ = {
			isa = XCBuildConfiguration;
			buildSettings = {
				ASSETCATALOG_COMPILER_APPICON_NAME = AppIcon;
				ASSETCATALOG_COMPILER_GLOBAL_ACCENT_COLOR_NAME = AccentColor;
				CODE_SIGN_STYLE = Automatic;
				DEVELOPMENT_ASSET_PATHS = "\"DrawingPathsAndShapes/Preview Content\"";
				ENABLE_PREVIEWS = YES;
				INFOPLIST_FILE = DrawingPathsAndShapes/Info.plist;
				LD_RUNPATH_SEARCH_PATHS = (
					"$(inherited)",
					"@executable_path/Frameworks",
				);
				PRODUCT_BUNDLE_IDENTIFIER = kelsey.DrawingPathsAndShapes;
				PRODUCT_NAME = "$(TARGET_NAME)";
				SWIFT_VERSION = 5.0;
				TARGETED_DEVICE_FAMILY = "1,2";
			};
			name = Release;
		};
/* End XCBuildConfiguration section */

/* Begin XCConfigurationList section */
		62403165251A665F002BAB32 /* Build configuration list for PBXProject "DrawingPathsAndShapes" */ = {
			isa = XCConfigurationList;
			buildConfigurations = (
				6240317C251A6660002BAB32 /* Debug */,
				6240317D251A6660002BAB32 /* Release */,
			);
			defaultConfigurationIsVisible = 0;
			defaultConfigurationName = Release;
		};
		6240317E251A6660002BAB32 /* Build configuration list for PBXNativeTarget "DrawingPathsAndShapes" */ = {
			isa = XCConfigurationList;
			buildConfigurations = (
				6240317F251A6660002BAB32 /* Debug */,
				62403180251A6660002BAB32 /* Release */,
			);
			defaultConfigurationIsVisible = 0;
			defaultConfigurationName = Release;
		};
/* End XCConfigurationList section */
	};
	rootObject = 62403162251A665F002BAB32 /* Project object */;
}
